
Microsoft Visual Studio Solution File, Format Version 12.00
# Visual Studio Version 16
VisualStudioVersion = 16.0.31205.134
MinimumVisualStudioVersion = 10.0.40219.1
Project("{FAE04EC0-301F-11D3-BF4B-00C04F79EFBC}") = "WebApplication1", "WebApplication1\WebApplication1.csproj", "{B329F69F-C931-4621-87B9-9E42723A9539}"
EndProject
Global
	GlobalSection(SolutionConfigurationPlatforms) = preSolution
		Debug|Any CPU = Debug|Any CPU
		Release|Any CPU = Release|Any CPU
	EndGlobalSection
	GlobalSection(ProjectConfigurationPlatforms) = postSolution
		{B329F69F-C931-4621-87B9-9E42723A9539}.Debug|Any CPU.ActiveCfg = Debug|Any CPU
		{B329F69F-C931-4621-87B9-9E42723A9539}.Debug|Any CPU.Build.0 = Debug|Any CPU
		{B329F69F-C931-4621-87B9-9E42723A9539}.Release|Any CPU.ActiveCfg = Release|Any CPU
		{B329F69F-C931-4621-87B9-9E42723A9539}.Release|Any CPU.Build.0 = Release|Any CPU
	EndGlobalSection
	GlobalSection(SolutionProperties) = preSolution
		HideSolutionNode = FALSE
	EndGlobalSection
	GlobalSection(ExtensibilityGlobals) = postSolution
		SolutionGuid = {4C496031-27C8-47C2-BD67-53EF826D304F}
	EndGlobalSection
EndGlobal
